
Microsoft Visual Studio Solution File, Format Version 12.00
# Visual Studio Version 17
VisualStudioVersion = 17.11.35327.3
MinimumVisualStudioVersion = 10.0.40219.1
Project("{FAE04EC0-301F-11D3-BF4B-00C04F79EFBC}") = "CVForms.Android", "CVForms.Android\CVForms.Android.csproj", "{450363A7-8278-4EB1-AD16-24D0C409D205}"
EndProject
Project("{FAE04EC0-301F-11D3-BF4B-00C04F79EFBC}") = "CVForms", "CVForms\CVForms.csproj", "{5CE55468-5084-4E2E-AF42-41C308B9BACF}"
EndProject
Global
	GlobalSection(SolutionConfigurationPlatforms) = preSolution
		Debug|Any CPU = Debug|Any CPU
		Release|Any CPU = Release|Any CPU
	EndGlobalSection
	GlobalSection(ProjectConfigurationPlatforms) = postSolution
		{450363A7-8278-4EB1-AD16-24D0C409D205}.Debug|Any CPU.ActiveCfg = Debug|Any CPU
		{450363A7-8278-4EB1-AD16-24D0C409D205}.Debug|Any CPU.Build.0 = Debug|Any CPU
		{450363A7-8278-4EB1-AD16-24D0C409D205}.Debug|Any CPU.Deploy.0 = Debug|Any CPU
		{450363A7-8278-4EB1-AD16-24D0C409D205}.Release|Any CPU.ActiveCfg = Release|Any CPU
		{450363A7-8278-4EB1-AD16-24D0C409D205}.Release|Any CPU.Build.0 = Release|Any CPU
		{450363A7-8278-4EB1-AD16-24D0C409D205}.Release|Any CPU.Deploy.0 = Release|Any CPU
		{5CE55468-5084-4E2E-AF42-41C308B9BACF}.Debug|Any CPU.ActiveCfg = Debug|Any CPU
		{5CE55468-5084-4E2E-AF42-41C308B9BACF}.Debug|Any CPU.Build.0 = Debug|Any CPU
		{5CE55468-5084-4E2E-AF42-41C308B9BACF}.Debug|Any CPU.Deploy.0 = Debug|Any CPU
		{5CE55468-5084-4E2E-AF42-41C308B9BACF}.Release|Any CPU.ActiveCfg = Release|Any CPU
		{5CE55468-5084-4E2E-AF42-41C308B9BACF}.Release|Any CPU.Build.0 = Release|Any CPU
		{5CE55468-5084-4E2E-AF42-41C308B9BACF}.Release|Any CPU.Deploy.0 = Release|Any CPU
	EndGlobalSection
	GlobalSection(SolutionProperties) = preSolution
		HideSolutionNode = FALSE
	EndGlobalSection
	GlobalSection(ExtensibilityGlobals) = postSolution
		SolutionGuid = {295AE155-2E1A-4B63-8896-50F93A6C8418}
	EndGlobalSection
EndGlobal
